
Microsoft Visual Studio Solution File, Format Version 12.00
# Visual Studio Version 16
VisualStudioVersion = 16.0.29306.81
MinimumVisualStudioVersion = 10.0.40219.1
Project("{FAE04EC0-301F-11D3-BF4B-00C04F79EFBC}") = "2019RFID_Lab4", "2019RFID_Lab4\2019RFID_Lab4.csproj", "{2FAF5D2A-4795-4DD0-A5DB-C73CB171094E}"
EndProject
Global
	GlobalSection(SolutionConfigurationPlatforms) = preSolution
		Debug|x86 = Debug|x86
		Release|x86 = Release|x86
	EndGlobalSection
	GlobalSection(ProjectConfigurationPlatforms) = postSolution
		{2FAF5D2A-4795-4DD0-A5DB-C73CB171094E}.Debug|x86.ActiveCfg = Debug|x86
		{2FAF5D2A-4795-4DD0-A5DB-C73CB171094E}.Debug|x86.Build.0 = Debug|x86
		{2FAF5D2A-4795-4DD0-A5DB-C73CB171094E}.Release|x86.ActiveCfg = Release|x86
		{2FAF5D2A-4795-4DD0-A5DB-C73CB171094E}.Release|x86.Build.0 = Release|x86
	EndGlobalSection
	GlobalSection(SolutionProperties) = preSolution
		HideSolutionNode = FALSE
	EndGlobalSection
	GlobalSection(ExtensibilityGlobals) = postSolution
		SolutionGuid = {40FA5BCF-6925-40EE-BEE5-1B51AC67278B}
	EndGlobalSection
EndGlobal
